
Microsoft Visual Studio Solution File, Format Version 12.00
# Blend for Visual Studio Version 16
VisualStudioVersion = 16.0.31727.386
MinimumVisualStudioVersion = 10.0.40219.1
Project("{FAE04EC0-301F-11D3-BF4B-00C04F79EFBC}") = "WpfApp2", "WpfApp2\WpfApp2.csproj", "{08979B5A-3051-4A2E-953D-916DD2F0B633}"
EndProject
Global
	GlobalSection(SolutionConfigurationPlatforms) = preSolution
		Debug|Any CPU = Debug|Any CPU
		Release|Any CPU = Release|Any CPU
	EndGlobalSection
	GlobalSection(ProjectConfigurationPlatforms) = postSolution
		{08979B5A-3051-4A2E-953D-916DD2F0B633}.Debug|Any CPU.ActiveCfg = Debug|Any CPU
		{08979B5A-3051-4A2E-953D-916DD2F0B633}.Debug|Any CPU.Build.0 = Debug|Any CPU
		{08979B5A-3051-4A2E-953D-916DD2F0B633}.Release|Any CPU.ActiveCfg = Release|Any CPU
		{08979B5A-3051-4A2E-953D-916DD2F0B633}.Release|Any CPU.Build.0 = Release|Any CPU
	EndGlobalSection
	GlobalSection(SolutionProperties) = preSolution
		HideSolutionNode = FALSE
	EndGlobalSection
	GlobalSection(ExtensibilityGlobals) = postSolution
		SolutionGuid = {BEB7AFA5-7A6E-43FB-9EFA-E0DBD0ACE395}
	EndGlobalSection
EndGlobal
